<?xml version="1.0" encoding="utf-8"?>
<Project ToolsVersion="4.0" xmlns="http://schemas.microsoft.com/developer/msbuild/2003">
  <ItemGroup>
    <Filter Include="Source Files">
      <UniqueIdentifier>{4FC737F1-C7A5-4376-A066-2A32D752A2FF}</UniqueIdentifier>
      <Extensions>cpp;c;cc;cxx;c++;cppm;ixx;def;odl;idl;hpj;bat;asm;asmx</Extensions>
    </Filter>
    <Filter Include="Header Files">
      <UniqueIdentifier>{93995380-89BD-4b04-88EB-625FBE52EBFB}</UniqueIdentifier>
      <Extensions>h;hh;hpp;hxx;h++;hm;inl;inc;ipp;xsd</Extensions>
    </Filter>
    <Filter Include="Resource Files">
      <UniqueIdentifier>{67DA6AB6-F800-4c08-8B7A-83BB121AAD01}</UniqueIdentifier>
      <Extensions>rc;ico;cur;bmp;dlg;rc2;rct;bin;rgs;gif;jpg;jpeg;jpe;resx;tiff;tif;png;wav;mfcribbon-ms</Extensions>
    </Filter>
    <Filter Include="Header Files\Solutions">
      <UniqueIdentifier>{f37bad81-9784-4f95-a39e-4903ba10a49c}</UniqueIdentifier>
    </Filter>
    <Filter Include="Header Files\Algorithm_Study">
      <UniqueIdentifier>{0cb1e86b-ebac-480b-bb62-1bf5b861c52b}</UniqueIdentifier>
    </Filter>
  </ItemGroup>
  <ItemGroup>
    <ClInclude Include="stdafx.h">
      <Filter>Header Files</Filter>
    </ClInclude>
    <ClInclude Include="Solutions\character_compression.h">
      <Filter>Header Files\Solutions</Filter>
    </ClInclude>
    <ClInclude Include="Solutions\barcet_arrange.h">
      <Filter>Header Files\Solutions</Filter>
    </ClInclude>
    <ClInclude Include="Solution_headers.h">
      <Filter>Header Files</Filter>
    </ClInclude>
    <ClInclude Include="Solutions\Baseball.h">
      <Filter>Header Files\Solutions</Filter>
    </ClInclude>
    <ClInclude Include="Solutions\bestelbum_lv3.h">
      <Filter>Header Files\Solutions</Filter>
    </ClInclude>
    <ClInclude Include="Solutions\BiggestNumber.h">
      <Filter>Header Files\Solutions</Filter>
    </ClInclude>
    <ClInclude Include="Solutions\boat.h">
      <Filter>Header Files\Solutions</Filter>
    </ClInclude>
    <ClInclude Include="Solutions\Carpet.h">
      <Filter>Header Files\Solutions</Filter>
    </ClInclude>
    <ClInclude Include="Solutions\diskcontroler.h">
      <Filter>Header Files\Solutions</Filter>
    </ClInclude>
    <ClInclude Include="Solutions\doublepriqueue.h">
      <Filter>Header Files\Solutions</Filter>
    </ClInclude>
    <ClInclude Include="Solutions\H_Index.h">
      <Filter>Header Files\Solutions</Filter>
    </ClInclude>
    <ClInclude Include="Solutions\joystick.h">
      <Filter>Header Files\Solutions</Filter>
    </ClInclude>
    <ClInclude Include="Solutions\make_hugenumber.h">
      <Filter>Header Files\Solutions</Filter>
    </ClInclude>
    <ClInclude Include="Solutions\Mockxam.h">
      <Filter>Header Files\Solutions</Filter>
    </ClInclude>
    <ClInclude Include="Solutions\morespicy.h">
      <Filter>Header Files\Solutions</Filter>
    </ClInclude>
    <ClInclude Include="Solutions\NumberK.h">
      <Filter>Header Files\Solutions</Filter>
    </ClInclude>
    <ClInclude Include="Solutions\pipecut.h">
      <Filter>Header Files\Solutions</Filter>
    </ClInclude>
    <ClInclude Include="Solutions\primeNumber.h">
      <Filter>Header Files\Solutions</Filter>
    </ClInclude>
    <ClInclude Include="Solutions\print.h">
      <Filter>Header Files\Solutions</Filter>
    </ClInclude>
    <ClInclude Include="Solutions\ramenFactory.h">
      <Filter>Header Files\Solutions</Filter>
    </ClInclude>
    <ClInclude Include="Solutions\snowball.h">
      <Filter>Header Files\Solutions</Filter>
    </ClInclude>
    <ClInclude Include="Solutions\startcount.h">
      <Filter>Header Files\Solutions</Filter>
    </ClInclude>
    <ClInclude Include="Solutions\stock.h">
      <Filter>Header Files\Solutions</Filter>
    </ClInclude>
    <ClInclude Include="Solutions\TargetNumber.h">
      <Filter>Header Files\Solutions</Filter>
    </ClInclude>
    <ClInclude Include="Solutions\workout_clothes.h">
      <Filter>Header Files\Solutions</Filter>
    </ClInclude>
    <ClInclude Include="Solutions\Strugacarro_season.h">
      <Filter>Header Files\Solutions</Filter>
    </ClInclude>
    <ClInclude Include="Solutions\LightBulb.h">
      <Filter>Header Files\Solutions</Filter>
    </ClInclude>
    <ClInclude Include="Solutions\PictureNameChanger.h">
      <Filter>Header Files\Solutions</Filter>
    </ClInclude>
    <ClInclude Include="Solutions\RecommandID.h">
      <Filter>Header Files\Solutions</Filter>
    </ClInclude>
    <ClInclude Include="Solutions\CourseFood.h">
      <Filter>Header Files\Solutions</Filter>
    </ClInclude>
    <ClInclude Include="Solutions\UnFinished_Runner.h">
      <Filter>Header Files\Solutions</Filter>
    </ClInclude>
    <ClInclude Include="Solutions\List_PhoneNumber.h">
      <Filter>Header Files\Solutions</Filter>
    </ClInclude>
    <ClInclude Include="Solutions\Camouflage.h">
      <Filter>Header Files\Solutions</Filter>
    </ClInclude>
    <ClInclude Include="Solutions\Cross_the_bridge.h">
      <Filter>Header Files\Solutions</Filter>
    </ClInclude>
    <ClInclude Include="Solutions\Express_as_N.h">
      <Filter>Header Files\Solutions</Filter>
    </ClInclude>
    <ClInclude Include="Solutions\Integer_Triangle.h">
      <Filter>Header Files\Solutions</Filter>
    </ClInclude>
    <ClInclude Include="Solutions\Immigration.h">
      <Filter>Header Files\Solutions</Filter>
    </ClInclude>
    <ClInclude Include="Solutions\Farthest_Node.h">
      <Filter>Header Files\Solutions</Filter>
    </ClInclude>
    <ClInclude Include="Solutions\Network.h">
      <Filter>Header Files\Solutions</Filter>
    </ClInclude>
    <ClInclude Include="Solutions\Connecting_islands.h">
      <Filter>Header Files\Solutions</Filter>
    </ClInclude>
    <ClInclude Include="Solutions\Control_Camera.h">
      <Filter>Header Files\Solutions</Filter>
    </ClInclude>
    <ClInclude Include="Solutions\ontheWaytoShcool.h">
      <Filter>Header Files\Solutions</Filter>
    </ClInclude>
    <ClInclude Include="Solutions\Stealing.h">
      <Filter>Header Files\Solutions</Filter>
    </ClInclude>
    <ClInclude Include="Algorithm_Study\Dynamic_Programming.h">
      <Filter>Header Files\Algorithm_Study</Filter>
    </ClInclude>
    <ClInclude Include="Algorithm_Study_headers.h">
      <Filter>Header Files</Filter>
    </ClInclude>
    <ClInclude Include="Algorithm_Study\Binary_Search.h">
      <Filter>Header Files\Algorithm_Study</Filter>
    </ClInclude>
    <ClInclude Include="Solutions\Stepping_Stone.h">
      <Filter>Header Files\Solutions</Filter>
    </ClInclude>
    <ClInclude Include="Solutions\Ranking.h">
      <Filter>Header Files\Solutions</Filter>
    </ClInclude>
  </ItemGroup>
  <ItemGroup>
    <ClCompile Include="CodingTest.cpp">
      <Filter>Source Files</Filter>
    </ClCompile>
  </ItemGroup>
</Project>